
Microsoft Visual Studio Solution File, Format Version 12.00
# Visual Studio Version 16
VisualStudioVersion = 16.0.32630.194
MinimumVisualStudioVersion = 10.0.40219.1
Project("{FAE04EC0-301F-11D3-BF4B-00C04F79EFBC}") = "CRUD_NEW", "CRUD_NEW\CRUD_NEW.csproj", "{223FE591-7967-48DC-9982-5284D51A1BE4}"
EndProject
Global
	GlobalSection(SolutionConfigurationPlatforms) = preSolution
		Debug|Any CPU = Debug|Any CPU
		Release|Any CPU = Release|Any CPU
	EndGlobalSection
	GlobalSection(ProjectConfigurationPlatforms) = postSolution
		{223FE591-7967-48DC-9982-5284D51A1BE4}.Debug|Any CPU.ActiveCfg = Debug|Any CPU
		{223FE591-7967-48DC-9982-5284D51A1BE4}.Debug|Any CPU.Build.0 = Debug|Any CPU
		{223FE591-7967-48DC-9982-5284D51A1BE4}.Release|Any CPU.ActiveCfg = Release|Any CPU
		{223FE591-7967-48DC-9982-5284D51A1BE4}.Release|Any CPU.Build.0 = Release|Any CPU
	EndGlobalSection
	GlobalSection(SolutionProperties) = preSolution
		HideSolutionNode = FALSE
	EndGlobalSection
	GlobalSection(ExtensibilityGlobals) = postSolution
		SolutionGuid = {EC347430-BF04-43C4-8E84-D60E36D0F233}
	EndGlobalSection
EndGlobal
